
Microsoft Visual Studio Solution File, Format Version 12.00
# Visual Studio Version 16
VisualStudioVersion = 16.0.31205.134
MinimumVisualStudioVersion = 10.0.40219.1
Project("{FAE04EC0-301F-11D3-BF4B-00C04F79EFBC}") = "Signs", "Signs.csproj", "{24A49D5F-2F60-4044-A8A2-B06CC54E3624}"
EndProject
Global
	GlobalSection(SolutionConfigurationPlatforms) = preSolution
		1.2|Any CPU = 1.2|Any CPU
		1.3|Any CPU = 1.3|Any CPU
	EndGlobalSection
	GlobalSection(ProjectConfigurationPlatforms) = postSolution
		{24A49D5F-2F60-4044-A8A2-B06CC54E3624}.1.2|Any CPU.ActiveCfg = 1.2|Any CPU
		{24A49D5F-2F60-4044-A8A2-B06CC54E3624}.1.2|Any CPU.Build.0 = 1.2|Any CPU
		{24A49D5F-2F60-4044-A8A2-B06CC54E3624}.1.3|Any CPU.ActiveCfg = 1.3|Any CPU
		{24A49D5F-2F60-4044-A8A2-B06CC54E3624}.1.3|Any CPU.Build.0 = 1.3|Any CPU
	EndGlobalSection
	GlobalSection(SolutionProperties) = preSolution
		HideSolutionNode = FALSE
	EndGlobalSection
	GlobalSection(ExtensibilityGlobals) = postSolution
		SolutionGuid = {09A2688D-5C61-41EF-B4B7-933515705EEA}
	EndGlobalSection
EndGlobal
